// !$*UTF8*$!
{
	archiveVersion = 1;
	classes = {
	};
	objectVersion = 55;
	objects = {

/* Begin PBXBuildFile section */
		2968B708276A71090083DBBD /* Currency in Frameworks */ = {isa = PBXBuildFile; productRef = 2968B707276A71090083DBBD /* Currency */; };
		2968B70A276A71100083DBBD /* Statement in Frameworks */ = {isa = PBXBuildFile; productRef = 2968B709276A71100083DBBD /* Statement */; };
		2968B70C276A71160083DBBD /* User in Frameworks */ = {isa = PBXBuildFile; productRef = 2968B70B276A71160083DBBD /* User */; };
		2991CA4D276A6299000AA538 /* MonobankApp.swift in Sources */ = {isa = PBXBuildFile; fileRef = 2991CA4C276A6299000AA538 /* MonobankApp.swift */; };
		2991CA4F276A6299000AA538 /* ContentView.swift in Sources */ = {isa = PBXBuildFile; fileRef = 2991CA4E276A6299000AA538 /* ContentView.swift */; };
		2991CA51276A629A000AA538 /* Assets.xcassets in Resources */ = {isa = PBXBuildFile; fileRef = 2991CA50276A6299000AA538 /* Assets.xcassets */; };
		2991CA54276A629A000AA538 /* Preview Assets.xcassets in Resources */ = {isa = PBXBuildFile; fileRef = 2991CA53276A629A000AA538 /* Preview Assets.xcassets */; };
		2991CA5F276A629A000AA538 /* MonobankTests.swift in Sources */ = {isa = PBXBuildFile; fileRef = 2991CA5E276A629A000AA538 /* MonobankTests.swift */; };
		2991CA69276A629A000AA538 /* MonobankUITests.swift in Sources */ = {isa = PBXBuildFile; fileRef = 2991CA68276A629A000AA538 /* MonobankUITests.swift */; };
		2991CA6B276A629A000AA538 /* MonobankUITestsLaunchTests.swift in Sources */ = {isa = PBXBuildFile; fileRef = 2991CA6A276A629A000AA538 /* MonobankUITestsLaunchTests.swift */; };
/* End PBXBuildFile section */

/* Begin PBXContainerItemProxy section */
		2991CA5B276A629A000AA538 /* PBXContainerItemProxy */ = {
			isa = PBXContainerItemProxy;
			containerPortal = 2991CA41276A6299000AA538 /* Project object */;
			proxyType = 1;
			remoteGlobalIDString = 2991CA48276A6299000AA538;
			remoteInfo = Monobank;
		};
		2991CA65276A629A000AA538 /* PBXContainerItemProxy */ = {
			isa = PBXContainerItemProxy;
			containerPortal = 2991CA41276A6299000AA538 /* Project object */;
			proxyType = 1;
			remoteGlobalIDString = 2991CA48276A6299000AA538;
			remoteInfo = Monobank;
		};
/* End PBXContainerItemProxy section */

/* Begin PBXFileReference section */
		2968B702276A700E0083DBBD /* Core */ = {isa = PBXFileReference; lastKnownFileType = folder; path = Core; sourceTree = "<group>"; };
		2968B703276A70A10083DBBD /* Currency */ = {isa = PBXFileReference; lastKnownFileType = folder; path = Currency; sourceTree = "<group>"; };
		2968B704276A70C30083DBBD /* User */ = {isa = PBXFileReference; lastKnownFileType = folder; path = User; sourceTree = "<group>"; };
		2968B705276A70E40083DBBD /* Statement */ = {isa = PBXFileReference; lastKnownFileType = folder; path = Statement; sourceTree = "<group>"; };
		2991CA49276A6299000AA538 /* Monobank.app */ = {isa = PBXFileReference; explicitFileType = wrapper.application; includeInIndex = 0; path = Monobank.app; sourceTree = BUILT_PRODUCTS_DIR; };
		2991CA4C276A6299000AA538 /* MonobankApp.swift */ = {isa = PBXFileReference; lastKnownFileType = sourcecode.swift; path = MonobankApp.swift; sourceTree = "<group>"; };
		2991CA4E276A6299000AA538 /* ContentView.swift */ = {isa = PBXFileReference; lastKnownFileType = sourcecode.swift; path = ContentView.swift; sourceTree = "<group>"; };
		2991CA50276A6299000AA538 /* Assets.xcassets */ = {isa = PBXFileReference; lastKnownFileType = folder.assetcatalog; path = Assets.xcassets; sourceTree = "<group>"; };
		2991CA53276A629A000AA538 /* Preview Assets.xcassets */ = {isa = PBXFileReference; lastKnownFileType = folder.assetcatalog; path = "Preview Assets.xcassets"; sourceTree = "<group>"; };
		2991CA55276A629A000AA538 /* Monobank.entitlements */ = {isa = PBXFileReference; lastKnownFileType = text.plist.entitlements; path = Monobank.entitlements; sourceTree = "<group>"; };
		2991CA5A276A629A000AA538 /* MonobankTests.xctest */ = {isa = PBXFileReference; explicitFileType = wrapper.cfbundle; includeInIndex = 0; path = MonobankTests.xctest; sourceTree = BUILT_PRODUCTS_DIR; };
		2991CA5E276A629A000AA538 /* MonobankTests.swift */ = {isa = PBXFileReference; lastKnownFileType = sourcecode.swift; path = MonobankTests.swift; sourceTree = "<group>"; };
		2991CA64276A629A000AA538 /* MonobankUITests.xctest */ = {isa = PBXFileReference; explicitFileType = wrapper.cfbundle; includeInIndex = 0; path = MonobankUITests.xctest; sourceTree = BUILT_PRODUCTS_DIR; };
		2991CA68276A629A000AA538 /* MonobankUITests.swift */ = {isa = PBXFileReference; lastKnownFileType = sourcecode.swift; path = MonobankUITests.swift; sourceTree = "<group>"; };
		2991CA6A276A629A000AA538 /* MonobankUITestsLaunchTests.swift */ = {isa = PBXFileReference; lastKnownFileType = sourcecode.swift; path = MonobankUITestsLaunchTests.swift; sourceTree = "<group>"; };
/* End PBXFileReference section */

/* Begin PBXFrameworksBuildPhase section */
		2991CA46276A6299000AA538 /* Frameworks */ = {
			isa = PBXFrameworksBuildPhase;
			buildActionMask = 2147483647;
			files = (
				2968B70A276A71100083DBBD /* Statement in Frameworks */,
				2968B708276A71090083DBBD /* Currency in Frameworks */,
				2968B70C276A71160083DBBD /* User in Frameworks */,
			);
			runOnlyForDeploymentPostprocessing = 0;
		};
		2991CA57276A629A000AA538 /* Frameworks */ = {
			isa = PBXFrameworksBuildPhase;
			buildActionMask = 2147483647;
			files = (
			);
			runOnlyForDeploymentPostprocessing = 0;
		};
		2991CA61276A629A000AA538 /* Frameworks */ = {
			isa = PBXFrameworksBuildPhase;
			buildActionMask = 2147483647;
			files = (
			);
			runOnlyForDeploymentPostprocessing = 0;
		};
/* End PBXFrameworksBuildPhase section */

/* Begin PBXGroup section */
		2968B706276A71090083DBBD /* Frameworks */ = {
			isa = PBXGroup;
			children = (
			);
			name = Frameworks;
			sourceTree = "<group>";
		};
		2991CA40276A6299000AA538 = {
			isa = PBXGroup;
			children = (
				2991CA4B276A6299000AA538 /* Monobank */,
				2991CA5D276A629A000AA538 /* MonobankTests */,
				2991CA67276A629A000AA538 /* MonobankUITests */,
				2968B705276A70E40083DBBD /* Statement */,
				2968B704276A70C30083DBBD /* User */,
				2968B703276A70A10083DBBD /* Currency */,
				2968B702276A700E0083DBBD /* Core */,
				2991CA4A276A6299000AA538 /* Products */,
				2968B706276A71090083DBBD /* Frameworks */,
			);
			sourceTree = "<group>";
		};
		2991CA4A276A6299000AA538 /* Products */ = {
			isa = PBXGroup;
			children = (
				2991CA49276A6299000AA538 /* Monobank.app */,
				2991CA5A276A629A000AA538 /* MonobankTests.xctest */,
				2991CA64276A629A000AA538 /* MonobankUITests.xctest */,
			);
			name = Products;
			sourceTree = "<group>";
		};
		2991CA4B276A6299000AA538 /* Monobank */ = {
			isa = PBXGroup;
			children = (
				2991CA4C276A6299000AA538 /* MonobankApp.swift */,
				2991CA4E276A6299000AA538 /* ContentView.swift */,
				2991CA50276A6299000AA538 /* Assets.xcassets */,
				2991CA55276A629A000AA538 /* Monobank.entitlements */,
				2991CA52276A629A000AA538 /* Preview Content */,
			);
			path = Monobank;
			sourceTree = "<group>";
		};
		2991CA52276A629A000AA538 /* Preview Content */ = {
			isa = PBXGroup;
			children = (
				2991CA53276A629A000AA538 /* Preview Assets.xcassets */,
			);
			path = "Preview Content";
			sourceTree = "<group>";
		};
		2991CA5D276A629A000AA538 /* MonobankTests */ = {
			isa = PBXGroup;
			children = (
				2991CA5E276A629A000AA538 /* MonobankTests.swift */,
			);
			path = MonobankTests;
			sourceTree = "<group>";
		};
		2991CA67276A629A000AA538 /* MonobankUITests */ = {
			isa = PBXGroup;
			children = (
				2991CA68276A629A000AA538 /* MonobankUITests.swift */,
				2991CA6A276A629A000AA538 /* MonobankUITestsLaunchTests.swift */,
			);
			path = MonobankUITests;
			sourceTree = "<group>";
		};
/* End PBXGroup section */

/* Begin PBXNativeTarget section */
		2991CA48276A6299000AA538 /* Monobank */ = {
			isa = PBXNativeTarget;
			buildConfigurationList = 2991CA6E276A629A000AA538 /* Build configuration list for PBXNativeTarget "Monobank" */;
			buildPhases = (
				2991CA45276A6299000AA538 /* Sources */,
				2991CA46276A6299000AA538 /* Frameworks */,
				2991CA47276A6299000AA538 /* Resources */,
			);
			buildRules = (
			);
			dependencies = (
			);
			name = Monobank;
			packageProductDependencies = (
				2968B707276A71090083DBBD /* Currency */,
				2968B709276A71100083DBBD /* Statement */,
				2968B70B276A71160083DBBD /* User */,
			);
			productName = Monobank;
			productReference = 2991CA49276A6299000AA538 /* Monobank.app */;
			productType = "com.apple.product-type.application";
		};
		2991CA59276A629A000AA538 /* MonobankTests */ = {
			isa = PBXNativeTarget;
			buildConfigurationList = 2991CA71276A629A000AA538 /* Build configuration list for PBXNativeTarget "MonobankTests" */;
			buildPhases = (
				2991CA56276A629A000AA538 /* Sources */,
				2991CA57276A629A000AA538 /* Frameworks */,
				2991CA58276A629A000AA538 /* Resources */,
			);
			buildRules = (
			);
			dependencies = (
				2991CA5C276A629A000AA538 /* PBXTargetDependency */,
			);
			name = MonobankTests;
			productName = MonobankTests;
			productReference = 2991CA5A276A629A000AA538 /* MonobankTests.xctest */;
			productType = "com.apple.product-type.bundle.unit-test";
		};
		2991CA63276A629A000AA538 /* MonobankUITests */ = {
			isa = PBXNativeTarget;
			buildConfigurationList = 2991CA74276A629A000AA538 /* Build configuration list for PBXNativeTarget "MonobankUITests" */;
			buildPhases = (
				2991CA60276A629A000AA538 /* Sources */,
				2991CA61276A629A000AA538 /* Frameworks */,
				2991CA62276A629A000AA538 /* Resources */,
			);
			buildRules = (
			);
			dependencies = (
				2991CA66276A629A000AA538 /* PBXTargetDependency */,
			);
			name = MonobankUITests;
			productName = MonobankUITests;
			productReference = 2991CA64276A629A000AA538 /* MonobankUITests.xctest */;
			productType = "com.apple.product-type.bundle.ui-testing";
		};
/* End PBXNativeTarget section */

/* Begin PBXProject section */
		2991CA41276A6299000AA538 /* Project object */ = {
			isa = PBXProject;
			attributes = {
				BuildIndependentTargetsInParallel = 1;
				LastSwiftUpdateCheck = 1310;
				LastUpgradeCheck = 1310;
				TargetAttributes = {
					2991CA48276A6299000AA538 = {
						CreatedOnToolsVersion = 13.1;
					};
					2991CA59276A629A000AA538 = {
						CreatedOnToolsVersion = 13.1;
						TestTargetID = 2991CA48276A6299000AA538;
					};
					2991CA63276A629A000AA538 = {
						CreatedOnToolsVersion = 13.1;
						TestTargetID = 2991CA48276A6299000AA538;
					};
				};
			};
			buildConfigurationList = 2991CA44276A6299000AA538 /* Build configuration list for PBXProject "Monobank" */;
			compatibilityVersion = "Xcode 13.0";
			developmentRegion = en;
			hasScannedForEncodings = 0;
			knownRegions = (
				en,
				Base,
			);
			mainGroup = 2991CA40276A6299000AA538;
			productRefGroup = 2991CA4A276A6299000AA538 /* Products */;
			projectDirPath = "";
			projectRoot = "";
			targets = (
				2991CA48276A6299000AA538 /* Monobank */,
				2991CA59276A629A000AA538 /* MonobankTests */,
				2991CA63276A629A000AA538 /* MonobankUITests */,
			);
		};
/* End PBXProject section */

/* Begin PBXResourcesBuildPhase section */
		2991CA47276A6299000AA538 /* Resources */ = {
			isa = PBXResourcesBuildPhase;
			buildActionMask = 2147483647;
			files = (
				2991CA54276A629A000AA538 /* Preview Assets.xcassets in Resources */,
				2991CA51276A629A000AA538 /* Assets.xcassets in Resources */,
			);
			runOnlyForDeploymentPostprocessing = 0;
		};
		2991CA58276A629A000AA538 /* Resources */ = {
			isa = PBXResourcesBuildPhase;
			buildActionMask = 2147483647;
			files = (
			);
			runOnlyForDeploymentPostprocessing = 0;
		};
		2991CA62276A629A000AA538 /* Resources */ = {
			isa = PBXResourcesBuildPhase;
			buildActionMask = 2147483647;
			files = (
			);
			runOnlyForDeploymentPostprocessing = 0;
		};
/* End PBXResourcesBuildPhase section */

/* Begin PBXSourcesBuildPhase section */
		2991CA45276A6299000AA538 /* Sources */ = {
			isa = PBXSourcesBuildPhase;
			buildActionMask = 2147483647;
			files = (
				2991CA4F276A6299000AA538 /* ContentView.swift in Sources */,
				2991CA4D276A6299000AA538 /* MonobankApp.swift in Sources */,
			);
			runOnlyForDeploymentPostprocessing = 0;
		};
		2991CA56276A629A000AA538 /* Sources */ = {
			isa = PBXSourcesBuildPhase;
			buildActionMask = 2147483647;
			files = (
				2991CA5F276A629A000AA538 /* MonobankTests.swift in Sources */,
			);
			runOnlyForDeploymentPostprocessing = 0;
		};
		2991CA60276A629A000AA538 /* Sources */ = {
			isa = PBXSourcesBuildPhase;
			buildActionMask = 2147483647;
			files = (
				2991CA6B276A629A000AA538 /* MonobankUITestsLaunchTests.swift in Sources */,
				2991CA69276A629A000AA538 /* MonobankUITests.swift in Sources */,
			);
			runOnlyForDeploymentPostprocessing = 0;
		};
/* End PBXSourcesBuildPhase section */

/* Begin PBXTargetDependency section */
		2991CA5C276A629A000AA538 /* PBXTargetDependency */ = {
			isa = PBXTargetDependency;
			target = 2991CA48276A6299000AA538 /* Monobank */;
			targetProxy = 2991CA5B276A629A000AA538 /* PBXContainerItemProxy */;
		};
		2991CA66276A629A000AA538 /* PBXTargetDependency */ = {
			isa = PBXTargetDependency;
			target = 2991CA48276A6299000AA538 /* Monobank */;
			targetProxy = 2991CA65276A629A000AA538 /* PBXContainerItemProxy */;
		};
/* End PBXTargetDependency section */

/* Begin XCBuildConfiguration section */
		2991CA6C276A629A000AA538 /* Debug */ = {
			isa = XCBuildConfiguration;
			buildSettings = {
				ALWAYS_SEARCH_USER_PATHS = NO;
				CLANG_ANALYZER_NONNULL = YES;
				CLANG_ANALYZER_NUMBER_OBJECT_CONVERSION = YES_AGGRESSIVE;
				CLANG_CXX_LANGUAGE_STANDARD = "gnu++17";
				CLANG_CXX_LIBRARY = "libc++";
				CLANG_ENABLE_MODULES = YES;
				CLANG_ENABLE_OBJC_ARC = YES;
				CLANG_ENABLE_OBJC_WEAK = YES;
				CLANG_WARN_BLOCK_CAPTURE_AUTORELEASING = YES;
				CLANG_WARN_BOOL_CONVERSION = YES;
				CLANG_WARN_COMMA = YES;
				CLANG_WARN_CONSTANT_CONVERSION = YES;
				CLANG_WARN_DEPRECATED_OBJC_IMPLEMENTATIONS = YES;
				CLANG_WARN_DIRECT_OBJC_ISA_USAGE = YES_ERROR;
				CLANG_WARN_DOCUMENTATION_COMMENTS = YES;
				CLANG_WARN_EMPTY_BODY = YES;
				CLANG_WARN_ENUM_CONVERSION = YES;
				CLANG_WARN_INFINITE_RECURSION = YES;
				CLANG_WARN_INT_CONVERSION = YES;
				CLANG_WARN_NON_LITERAL_NULL_CONVERSION = YES;
				CLANG_WARN_OBJC_IMPLICIT_RETAIN_SELF = YES;
				CLANG_WARN_OBJC_LITERAL_CONVERSION = YES;
				CLANG_WARN_OBJC_ROOT_CLASS = YES_ERROR;
				CLANG_WARN_QUOTED_INCLUDE_IN_FRAMEWORK_HEADER = YES;
				CLANG_WARN_RANGE_LOOP_ANALYSIS = YES;
				CLANG_WARN_STRICT_PROTOTYPES = YES;
				CLANG_WARN_SUSPICIOUS_MOVE = YES;
				CLANG_WARN_UNGUARDED_AVAILABILITY = YES_AGGRESSIVE;
				CLANG_WARN_UNREACHABLE_CODE = YES;
				CLANG_WARN__DUPLICATE_METHOD_MATCH = YES;
				COPY_PHASE_STRIP = NO;
				DEBUG_INFORMATION_FORMAT = dwarf;
				ENABLE_STRICT_OBJC_MSGSEND = YES;
				ENABLE_TESTABILITY = YES;
				GCC_C_LANGUAGE_STANDARD = gnu11;
				GCC_DYNAMIC_NO_PIC = NO;
				GCC_NO_COMMON_BLOCKS = YES;
				GCC_OPTIMIZATION_LEVEL = 0;
				GCC_PREPROCESSOR_DEFINITIONS = (
					"DEBUG=1",
					"$(inherited)",
				);
				GCC_WARN_64_TO_32_BIT_CONVERSION = YES;
				GCC_WARN_ABOUT_RETURN_TYPE = YES_ERROR;
				GCC_WARN_UNDECLARED_SELECTOR = YES;
				GCC_WARN_UNINITIALIZED_AUTOS = YES_AGGRESSIVE;
				GCC_WARN_UNUSED_FUNCTION = YES;
				GCC_WARN_UNUSED_VARIABLE = YES;
				MACOSX_DEPLOYMENT_TARGET = 12.0;
				MTL_ENABLE_DEBUG_INFO = INCLUDE_SOURCE;
				MTL_FAST_MATH = YES;
				ONLY_ACTIVE_ARCH = YES;
				SDKROOT = macosx;
				SWIFT_ACTIVE_COMPILATION_CONDITIONS = DEBUG;
				SWIFT_OPTIMIZATION_LEVEL = "-Onone";
			};
			name = Debug;
		};
		2991CA6D276A629A000AA538 /* Release */ = {
			isa = XCBuildConfiguration;
			buildSettings = {
				ALWAYS_SEARCH_USER_PATHS = NO;
				CLANG_ANALYZER_NONNULL = YES;
				CLANG_ANALYZER_NUMBER_OBJECT_CONVERSION = YES_AGGRESSIVE;
				CLANG_CXX_LANGUAGE_STANDARD = "gnu++17";
				CLANG_CXX_LIBRARY = "libc++";
				CLANG_ENABLE_MODULES = YES;
				CLANG_ENABLE_OBJC_ARC = YES;
				CLANG_ENABLE_OBJC_WEAK = YES;
				CLANG_WARN_BLOCK_CAPTURE_AUTORELEASING = YES;
				CLANG_WARN_BOOL_CONVERSION = YES;
				CLANG_WARN_COMMA = YES;
				CLANG_WARN_CONSTANT_CONVERSION = YES;
				CLANG_WARN_DEPRECATED_OBJC_IMPLEMENTATIONS = YES;
				CLANG_WARN_DIRECT_OBJC_ISA_USAGE = YES_ERROR;
				CLANG_WARN_DOCUMENTATION_COMMENTS = YES;
				CLANG_WARN_EMPTY_BODY = YES;
				CLANG_WARN_ENUM_CONVERSION = YES;
				CLANG_WARN_INFINITE_RECURSION = YES;
				CLANG_WARN_INT_CONVERSION = YES;
				CLANG_WARN_NON_LITERAL_NULL_CONVERSION = YES;
				CLANG_WARN_OBJC_IMPLICIT_RETAIN_SELF = YES;
				CLANG_WARN_OBJC_LITERAL_CONVERSION = YES;
				CLANG_WARN_OBJC_ROOT_CLASS = YES_ERROR;
				CLANG_WARN_QUOTED_INCLUDE_IN_FRAMEWORK_HEADER = YES;
				CLANG_WARN_RANGE_LOOP_ANALYSIS = YES;
				CLANG_WARN_STRICT_PROTOTYPES = YES;
				CLANG_WARN_SUSPICIOUS_MOVE = YES;
				CLANG_WARN_UNGUARDED_AVAILABILITY = YES_AGGRESSIVE;
				CLANG_WARN_UNREACHABLE_CODE = YES;
				CLANG_WARN__DUPLICATE_METHOD_MATCH = YES;
				COPY_PHASE_STRIP = NO;
				DEBUG_INFORMATION_FORMAT = "dwarf-with-dsym";
				ENABLE_NS_ASSERTIONS = NO;
				ENABLE_STRICT_OBJC_MSGSEND = YES;
				GCC_C_LANGUAGE_STANDARD = gnu11;
				GCC_NO_COMMON_BLOCKS = YES;
				GCC_WARN_64_TO_32_BIT_CONVERSION = YES;
				GCC_WARN_ABOUT_RETURN_TYPE = YES_ERROR;
				GCC_WARN_UNDECLARED_SELECTOR = YES;
				GCC_WARN_UNINITIALIZED_AUTOS = YES_AGGRESSIVE;
				GCC_WARN_UNUSED_FUNCTION = YES;
				GCC_WARN_UNUSED_VARIABLE = YES;
				MACOSX_DEPLOYMENT_TARGET = 12.0;
				MTL_ENABLE_DEBUG_INFO = NO;
				MTL_FAST_MATH = YES;
				SDKROOT = macosx;
				SWIFT_COMPILATION_MODE = wholemodule;
				SWIFT_OPTIMIZATION_LEVEL = "-O";
			};
			name = Release;
		};
		2991CA6F276A629A000AA538 /* Debug */ = {
			isa = XCBuildConfiguration;
			buildSettings = {
				ASSETCATALOG_COMPILER_APPICON_NAME = AppIcon;
				ASSETCATALOG_COMPILER_GLOBAL_ACCENT_COLOR_NAME = AccentColor;
				CODE_SIGN_ENTITLEMENTS = Monobank/Monobank.entitlements;
				CODE_SIGN_STYLE = Automatic;
				COMBINE_HIDPI_IMAGES = YES;
				CURRENT_PROJECT_VERSION = 1;
				DEVELOPMENT_ASSET_PATHS = "\"Monobank/Preview Content\"";
				DEVELOPMENT_TEAM = WP76D762Y9;
				ENABLE_HARDENED_RUNTIME = YES;
				ENABLE_PREVIEWS = YES;
				GENERATE_INFOPLIST_FILE = YES;
				INFOPLIST_KEY_LSApplicationCategoryType = "public.app-category.finance";
				INFOPLIST_KEY_NSHumanReadableCopyright = "";
				LD_RUNPATH_SEARCH_PATHS = (
					"$(inherited)",
					"@executable_path/../Frameworks",
				);
				MARKETING_VERSION = 1.0;
				PRODUCT_BUNDLE_IDENTIFIER = com.ds.Monobank;
				PRODUCT_NAME = "$(TARGET_NAME)";
				SWIFT_EMIT_LOC_STRINGS = YES;
				SWIFT_VERSION = 5.0;
			};
			name = Debug;
		};
		2991CA70276A629A000AA538 /* Release */ = {
			isa = XCBuildConfiguration;
			buildSettings = {
				ASSETCATALOG_COMPILER_APPICON_NAME = AppIcon;
				ASSETCATALOG_COMPILER_GLOBAL_ACCENT_COLOR_NAME = AccentColor;
				CODE_SIGN_ENTITLEMENTS = Monobank/Monobank.entitlements;
				CODE_SIGN_STYLE = Automatic;
				COMBINE_HIDPI_IMAGES = YES;
				CURRENT_PROJECT_VERSION = 1;
				DEVELOPMENT_ASSET_PATHS = "\"Monobank/Preview Content\"";
				DEVELOPMENT_TEAM = WP76D762Y9;
				ENABLE_HARDENED_RUNTIME = YES;
				ENABLE_PREVIEWS = YES;
				GENERATE_INFOPLIST_FILE = YES;
				INFOPLIST_KEY_LSApplicationCategoryType = "public.app-category.finance";
				INFOPLIST_KEY_NSHumanReadableCopyright = "";
				LD_RUNPATH_SEARCH_PATHS = (
					"$(inherited)",
					"@executable_path/../Frameworks",
				);
				MARKETING_VERSION = 1.0;
				PRODUCT_BUNDLE_IDENTIFIER = com.ds.Monobank;
				PRODUCT_NAME = "$(TARGET_NAME)";
				SWIFT_EMIT_LOC_STRINGS = YES;
				SWIFT_VERSION = 5.0;
			};
			name = Release;
		};
		2991CA72276A629A000AA538 /* Debug */ = {
			isa = XCBuildConfiguration;
			buildSettings = {
				ALWAYS_EMBED_SWIFT_STANDARD_LIBRARIES = YES;
				BUNDLE_LOADER = "$(TEST_HOST)";
				CODE_SIGN_STYLE = Automatic;
				COMBINE_HIDPI_IMAGES = YES;
				CURRENT_PROJECT_VERSION = 1;
				DEVELOPMENT_TEAM = WP76D762Y9;
				GENERATE_INFOPLIST_FILE = YES;
				LD_RUNPATH_SEARCH_PATHS = (
					"$(inherited)",
					"@executable_path/../Frameworks",
					"@loader_path/../Frameworks",
				);
				MACOSX_DEPLOYMENT_TARGET = 12.0;
				MARKETING_VERSION = 1.0;
				PRODUCT_BUNDLE_IDENTIFIER = com.ds.MonobankTests;
				PRODUCT_NAME = "$(TARGET_NAME)";
				SWIFT_EMIT_LOC_STRINGS = NO;
				SWIFT_VERSION = 5.0;
				TEST_HOST = "$(BUILT_PRODUCTS_DIR)/Monobank.app/Contents/MacOS/Monobank";
			};
			name = Debug;
		};
		2991CA73276A629A000AA538 /* Release */ = {
			isa = XCBuildConfiguration;
			buildSettings = {
				ALWAYS_EMBED_SWIFT_STANDARD_LIBRARIES = YES;
				BUNDLE_LOADER = "$(TEST_HOST)";
				CODE_SIGN_STYLE = Automatic;
				COMBINE_HIDPI_IMAGES = YES;
				CURRENT_PROJECT_VERSION = 1;
				DEVELOPMENT_TEAM = WP76D762Y9;
				GENERATE_INFOPLIST_FILE = YES;
				LD_RUNPATH_SEARCH_PATHS = (
					"$(inherited)",
					"@executable_path/../Frameworks",
					"@loader_path/../Frameworks",
				);
				MACOSX_DEPLOYMENT_TARGET = 12.0;
				MARKETING_VERSION = 1.0;
				PRODUCT_BUNDLE_IDENTIFIER = com.ds.MonobankTests;
				PRODUCT_NAME = "$(TARGET_NAME)";
				SWIFT_EMIT_LOC_STRINGS = NO;
				SWIFT_VERSION = 5.0;
				TEST_HOST = "$(BUILT_PRODUCTS_DIR)/Monobank.app/Contents/MacOS/Monobank";
			};
			name = Release;
		};
		2991CA75276A629A000AA538 /* Debug */ = {
			isa = XCBuildConfiguration;
			buildSettings = {
				ALWAYS_EMBED_SWIFT_STANDARD_LIBRARIES = YES;
				CODE_SIGN_STYLE = Automatic;
				COMBINE_HIDPI_IMAGES = YES;
				CURRENT_PROJECT_VERSION = 1;
				DEVELOPMENT_TEAM = WP76D762Y9;
				GENERATE_INFOPLIST_FILE = YES;
				LD_RUNPATH_SEARCH_PATHS = (
					"$(inherited)",
					"@executable_path/../Frameworks",
					"@loader_path/../Frameworks",
				);
				MARKETING_VERSION = 1.0;
				PRODUCT_BUNDLE_IDENTIFIER = com.ds.MonobankUITests;
				PRODUCT_NAME = "$(TARGET_NAME)";
				SWIFT_EMIT_LOC_STRINGS = NO;
				SWIFT_VERSION = 5.0;
				TEST_TARGET_NAME = Monobank;
			};
			name = Debug;
		};
		2991CA76276A629A000AA538 /* Release */ = {
			isa = XCBuildConfiguration;
			buildSettings = {
				ALWAYS_EMBED_SWIFT_STANDARD_LIBRARIES = YES;
				CODE_SIGN_STYLE = Automatic;
				COMBINE_HIDPI_IMAGES = YES;
				CURRENT_PROJECT_VERSION = 1;
				DEVELOPMENT_TEAM = WP76D762Y9;
				GENERATE_INFOPLIST_FILE = YES;
				LD_RUNPATH_SEARCH_PATHS = (
					"$(inherited)",
					"@executable_path/../Frameworks",
					"@loader_path/../Frameworks",
				);
				MARKETING_VERSION = 1.0;
				PRODUCT_BUNDLE_IDENTIFIER = com.ds.MonobankUITests;
				PRODUCT_NAME = "$(TARGET_NAME)";
				SWIFT_EMIT_LOC_STRINGS = NO;
				SWIFT_VERSION = 5.0;
				TEST_TARGET_NAME = Monobank;
			};
			name = Release;
		};
/* End XCBuildConfiguration section */

/* Begin XCConfigurationList section */
		2991CA44276A6299000AA538 /* Build configuration list for PBXProject "Monobank" */ = {
			isa = XCConfigurationList;
			buildConfigurations = (
				2991CA6C276A629A000AA538 /* Debug */,
				2991CA6D276A629A000AA538 /* Release */,
			);
			defaultConfigurationIsVisible = 0;
			defaultConfigurationName = Release;
		};
		2991CA6E276A629A000AA538 /* Build configuration list for PBXNativeTarget "Monobank" */ = {
			isa = XCConfigurationList;
			buildConfigurations = (
				2991CA6F276A629A000AA538 /* Debug */,
				2991CA70276A629A000AA538 /* Release */,
			);
			defaultConfigurationIsVisible = 0;
			defaultConfigurationName = Release;
		};
		2991CA71276A629A000AA538 /* Build configuration list for PBXNativeTarget "MonobankTests" */ = {
			isa = XCConfigurationList;
			buildConfigurations = (
				2991CA72276A629A000AA538 /* Debug */,
				2991CA73276A629A000AA538 /* Release */,
			);
			defaultConfigurationIsVisible = 0;
			defaultConfigurationName = Release;
		};
		2991CA74276A629A000AA538 /* Build configuration list for PBXNativeTarget "MonobankUITests" */ = {
			isa = XCConfigurationList;
			buildConfigurations = (
				2991CA75276A629A000AA538 /* Debug */,
				2991CA76276A629A000AA538 /* Release */,
			);
			defaultConfigurationIsVisible = 0;
			defaultConfigurationName = Release;
		};
/* End XCConfigurationList section */

/* Begin XCSwiftPackageProductDependency section */
		2968B707276A71090083DBBD /* Currency */ = {
			isa = XCSwiftPackageProductDependency;
			productName = Currency;
		};
		2968B709276A71100083DBBD /* Statement */ = {
			isa = XCSwiftPackageProductDependency;
			productName = Statement;
		};
		2968B70B276A71160083DBBD /* User */ = {
			isa = XCSwiftPackageProductDependency;
			productName = User;
		};
/* End XCSwiftPackageProductDependency section */
	};
	rootObject = 2991CA41276A6299000AA538 /* Project object */;
}
